
Microsoft Visual Studio Solution File, Format Version 12.00
# Visual Studio Version 17
VisualStudioVersion = 17.8.34511.84
MinimumVisualStudioVersion = 10.0.40219.1
Project("{FAE04EC0-301F-11D3-BF4B-00C04F79EFBC}") = "SimApi1", "SimApi1\SimApi1.csproj", "{3AC6E5D1-74FC-424F-ADC9-9371D8BD61B9}"
EndProject
Global
	GlobalSection(SolutionConfigurationPlatforms) = preSolution
		Debug|Any CPU = Debug|Any CPU
		Release|Any CPU = Release|Any CPU
	EndGlobalSection
	GlobalSection(ProjectConfigurationPlatforms) = postSolution
		{3AC6E5D1-74FC-424F-ADC9-9371D8BD61B9}.Debug|Any CPU.ActiveCfg = Debug|Any CPU
		{3AC6E5D1-74FC-424F-ADC9-9371D8BD61B9}.Debug|Any CPU.Build.0 = Debug|Any CPU
		{3AC6E5D1-74FC-424F-ADC9-9371D8BD61B9}.Release|Any CPU.ActiveCfg = Release|Any CPU
		{3AC6E5D1-74FC-424F-ADC9-9371D8BD61B9}.Release|Any CPU.Build.0 = Release|Any CPU
	EndGlobalSection
	GlobalSection(SolutionProperties) = preSolution
		HideSolutionNode = FALSE
	EndGlobalSection
	GlobalSection(ExtensibilityGlobals) = postSolution
		SolutionGuid = {1D9A2AAF-AA06-452E-ABF1-D6931A6433C9}
	EndGlobalSection
EndGlobal
